# THIS IS AN AUTOGENERATED FILE. DO NOT EDIT THIS FILE DIRECTLY.
# yarn lockfile v1


"@egjs/hammerjs@^2.0.0":
  "integrity" "sha512-XQsZgjm2EcVUiZQf11UBJQfmZeEmOW8DpI1gsFeln6w0ae0ii4dMQEQ0kjl6DspdWX1aGY1/loyXnP0JS06e/A=="
  "resolved" "https://registry.npmjs.org/@egjs/hammerjs/-/hammerjs-2.0.17.tgz"
  "version" "2.0.17"
  dependencies:
    "@types/hammerjs" "^2.0.36"

"@reach/observe-rect@^1.1.0":
  "integrity" "sha512-Ba7HmkFgfQxZqqaeIWWkNK0rEhpxVQHIoVyW1YDSkGsGIXzcaW4deC8B0pZrNSSyLTdIk7y+5olKt5+g0GmFIQ=="
  "resolved" "https://registry.npmjs.org/@reach/observe-rect/-/observe-rect-1.2.0.tgz"
  "version" "1.2.0"

"@types/hammerjs@^2.0.36":
  "integrity" "sha512-lYR2Y/tV2ujpk/WyUc7S0VLI0a9hrtVIN9EwnrNo5oSEJI2cK2/XrgwOQmXLL3eTulOESvh9qP6si9+DWM9cOA=="
  "resolved" "https://registry.npmjs.org/@types/hammerjs/-/hammerjs-2.0.39.tgz"
  "version" "2.0.39"

"component-emitter@^1.3.0":
  "integrity" "sha512-Rd3se6QB+sO1TwqZjscQrurpEPIfO0/yYnSin6Q/rD3mOutHvUrCAhJub3r90uNb+SESBuE0QYoB90YdfatsRg=="
  "resolved" "https://registry.npmjs.org/component-emitter/-/component-emitter-1.3.0.tgz"
  "version" "1.3.0"

"d3-array@^2.3.0", "d3-array@2":
  "integrity" "sha512-B0ErZK/66mHtEsR1TkPEEkwdy+WDesimkM5gpZr5Dsg54BiTA5RXtYW5qTLIAcekaS9xfZrzBLF/OAkB3Qn1YQ=="
  "resolved" "https://registry.npmjs.org/d3-array/-/d3-array-2.12.1.tgz"
  "version" "2.12.1"
  dependencies:
    "internmap" "^1.0.0"

"d3-color@1 - 2":
  "integrity" "sha512-SPXi0TSKPD4g9tw0NMZFnR95XVgUZiBH+uUTqQuDu1OsE2zomHU7ho0FISciaPvosimixwHFl3WHLGabv6dDgQ=="
  "resolved" "https://registry.npmjs.org/d3-color/-/d3-color-2.0.0.tgz"
  "version" "2.0.0"

"d3-delaunay@^5.2.1":
  "integrity" "sha512-amALSrOllWVLaHTnDLHwMIiz0d1bBu9gZXd1FiLfXf8sHcX9jrcj81TVZOqD4UX7MgBZZ07c8GxzEgBpJqc74w=="
  "resolved" "https://registry.npmjs.org/d3-delaunay/-/d3-delaunay-5.3.0.tgz"
  "version" "5.3.0"
  dependencies:
    "delaunator" "4"

"d3-format@1 - 2":
  "integrity" "sha512-Ab3S6XuE/Q+flY96HXT0jOXcM4EAClYFnRGY5zsjRGNy6qCYrQsMffs7cV5Q9xejb35zxW5hf/guKw34kvIKsA=="
  "resolved" "https://registry.npmjs.org/d3-format/-/d3-format-2.0.0.tgz"
  "version" "2.0.0"

"d3-interpolate@1.2.0 - 2":
  "integrity" "sha512-c5UhwwTs/yybcmTpAVqwSFl6vrQ8JZJoT5F7xNFK9pymv5C0Ymcc9/LIJHtYIggg/yS9YHw8i8O8tgb9pupjeQ=="
  "resolved" "https://registry.npmjs.org/d3-interpolate/-/d3-interpolate-2.0.1.tgz"
  "version" "2.0.1"
  dependencies:
    "d3-color" "1 - 2"

"d3-path@1":
  "integrity" "sha512-VLaYcn81dtHVTjEHd8B+pbe9yHWpXKZUC87PzoFmsFrJqgFwDe/qxfp5MlfsfM1V5E/iVt0MmEbWQ7FVIXh/bg=="
  "resolved" "https://registry.npmjs.org/d3-path/-/d3-path-1.0.9.tgz"
  "version" "1.0.9"

"d3-scale@^3.2.1":
  "integrity" "sha512-1JGp44NQCt5d1g+Yy+GeOnZP7xHo0ii8zsQp6PGzd+C1/dl0KGsp9A7Mxwp+1D1o4unbTTxVdU/ZOIEBoeZPbQ=="
  "resolved" "https://registry.npmjs.org/d3-scale/-/d3-scale-3.3.0.tgz"
  "version" "3.3.0"
  dependencies:
    "d3-array" "^2.3.0"
    "d3-format" "1 - 2"
    "d3-interpolate" "1.2.0 - 2"
    "d3-time" "^2.1.1"
    "d3-time-format" "2 - 3"

"d3-shape@^1.3.7":
  "integrity" "sha512-EUkvKjqPFUAZyOlhY5gzCxCeI0Aep04LwIRpsZ/mLFelJiUfnK56jo5JMDSE7yyP2kLSb6LtF+S5chMk7uqPqw=="
  "resolved" "https://registry.npmjs.org/d3-shape/-/d3-shape-1.3.7.tgz"
  "version" "1.3.7"
  dependencies:
    "d3-path" "1"

"d3-time-format@2 - 3":
  "integrity" "sha512-UXJh6EKsHBTjopVqZBhFysQcoXSv/5yLONZvkQ5Kk3qbwiUYkdX17Xa1PT6U1ZWXGGfB1ey5L8dKMlFq2DO0Ag=="
  "resolved" "https://registry.npmjs.org/d3-time-format/-/d3-time-format-3.0.0.tgz"
  "version" "3.0.0"
  dependencies:
    "d3-time" "1 - 2"

"d3-time@^2.1.1", "d3-time@1 - 2":
  "integrity" "sha512-/eIQe/eR4kCQwq7yxi7z4c6qEXf2IYGcjoWB5OOQy4Tq9Uv39/947qlDcN2TLkiTzQWzvnsuYPB9TrWaNfipKQ=="
  "resolved" "https://registry.npmjs.org/d3-time/-/d3-time-2.1.1.tgz"
  "version" "2.1.1"
  dependencies:
    "d3-array" "2"

"d3-voronoi@^1.1.2":
  "integrity" "sha512-dArJ32hchFsrQ8uMiTBLq256MpnZjeuBtdHpaDlYuQyjU0CVzCJl/BVW+SkszaAeH95D/8gxqAhgx0ouAWAfRg=="
  "resolved" "https://registry.npmjs.org/d3-voronoi/-/d3-voronoi-1.1.4.tgz"
  "version" "1.1.4"

"delaunator@4":
  "integrity" "sha512-WNPWi1IRKZfCt/qIDMfERkDp93+iZEmOxN2yy4Jg+Xhv8SLk2UTqqbe1sfiipn0and9QrE914/ihdx82Y/Giag=="
  "resolved" "https://registry.npmjs.org/delaunator/-/delaunator-4.0.1.tgz"
  "version" "4.0.1"

"internmap@^1.0.0":
  "integrity" "sha512-lDB5YccMydFBtasVtxnZ3MRBHuaoE8GKsppq+EchKL2U4nK/DmEpPHNH8MZe5HkMtpSiTSOZwfN0tzYjO/lJEw=="
  "resolved" "https://registry.npmjs.org/internmap/-/internmap-1.0.1.tgz"
  "version" "1.0.1"

"js-tokens@^3.0.0 || ^4.0.0":
  "integrity" "sha512-RdJUflcE3cUzKiMqQgsCu06FPu9UdIJO0beYbPhHN4k6apgJtifcoCtT9bcxOpYBtpD2kCM6Sbzg4CausW/PKQ=="
  "resolved" "https://registry.npmjs.org/js-tokens/-/js-tokens-4.0.0.tgz"
  "version" "4.0.0"

"keycharm@^0.2.0 || ^0.3.0 || ^0.4.0":
  "integrity" "sha512-TyQTtsabOVv3MeOpR92sIKk/br9wxS+zGj4BG7CR8YbK4jM3tyIBaF0zhzeBUMx36/Q/iQLOKKOT+3jOQtemRQ=="
  "resolved" "https://registry.npmjs.org/keycharm/-/keycharm-0.4.0.tgz"
  "version" "0.4.0"

"lodash@^4.17.15":
  "integrity" "sha512-v2kDEe57lecTulaDIuNTPy3Ry4gLGJ6Z1O3vE1krgXZNrsQ+LFTGHVxVjcXPs17LhbZVGedAJv8XZ1tvj5FvSg=="
  "resolved" "https://registry.npmjs.org/lodash/-/lodash-4.17.21.tgz"
  "version" "4.17.21"

"loose-envify@^1.1.0", "loose-envify@^1.4.0":
  "integrity" "sha512-lyuxPGr/Wfhrlem2CL/UcnUc1zcqKAImBDzukY7Y5F/yQiNdko6+fRLevlw1HgMySw7f611UIY408EtxRSoK3Q=="
  "resolved" "https://registry.npmjs.org/loose-envify/-/loose-envify-1.4.0.tgz"
  "version" "1.4.0"
  dependencies:
    "js-tokens" "^3.0.0 || ^4.0.0"

"object-assign@^4.1.1":
  "integrity" "sha1-IQmtx5ZYh8/AXLvUQsrIv7s2CGM="
  "resolved" "https://registry.npmjs.org/object-assign/-/object-assign-4.1.1.tgz"
  "version" "4.1.1"

"prop-types@^15.5.10", "prop-types@^15.6.2":
  "integrity" "sha512-8QQikdH7//R2vurIJSutZ1smHYTcLpRWEOlHnzcWHmBYrOGUysKwSsrC89BCiFj3CbrfJ/nXFdJepOVrY1GCHQ=="
  "resolved" "https://registry.npmjs.org/prop-types/-/prop-types-15.7.2.tgz"
  "version" "15.7.2"
  dependencies:
    "loose-envify" "^1.4.0"
    "object-assign" "^4.1.1"
    "react-is" "^16.8.1"

"react-charts@^2.0.0-beta.7":
  "integrity" "sha512-iUspg9rnx7kD0H/wsK67HNUioOgKgJ8WRXr/Tk3EGP2qcFb9Vo7pjDk4oz1jH12TC+mqL+HFxNYraMkhWd6CUw=="
  "resolved" "https://registry.npmjs.org/react-charts/-/react-charts-2.0.0-beta.7.tgz"
  "version" "2.0.0-beta.7"
  dependencies:
    "@reach/observe-rect" "^1.1.0"
    "d3-delaunay" "^5.2.1"
    "d3-scale" "^3.2.1"
    "d3-shape" "^1.3.7"
    "d3-voronoi" "^1.1.2"

"react-graph-vis@^1.0.7":
  "integrity" "sha512-FI35zlBMKU22JEvG1ukd1DDwW185y4YrDvHm6Bom9EGdA+UNMrZrIV/lyPIRWPcRkzbKaA1w1NvOYcRApD4KdQ=="
  "resolved" "https://registry.npmjs.org/react-graph-vis/-/react-graph-vis-1.0.7.tgz"
  "version" "1.0.7"
  dependencies:
    "lodash" "^4.17.15"
    "prop-types" "^15.5.10"
    "uuid" "^2.0.1"
    "vis-data" "^7.1.2"
    "vis-network" "^9.0.0"

"react-is@^16.8.1":
  "integrity" "sha512-24e6ynE2H+OKt4kqsOvNd8kBpV65zoxbA4BVsEOB3ARVWQki/DHzaUoC5KuON/BiccDaCCTZBuOcfZs70kR8bQ=="
  "resolved" "https://registry.npmjs.org/react-is/-/react-is-16.13.1.tgz"
  "version" "16.13.1"

"react@*", "react@^16.6.3":
  "integrity" "sha512-0X2CImDkJGApiAlcf0ODKIneSwBPhqJawOa5wCtKbu7ZECrmS26NvtSILynQ66cgkT/RJ4LidJOc3bUESwmU8g=="
  "resolved" "https://registry.npmjs.org/react/-/react-16.14.0.tgz"
  "version" "16.14.0"
  dependencies:
    "loose-envify" "^1.1.0"
    "object-assign" "^4.1.1"
    "prop-types" "^15.6.2"

"timsort@^0.3.0":
  "integrity" "sha1-QFQRqOfmM5/mTbmiNN4R3DHgK9Q="
  "resolved" "https://registry.npmjs.org/timsort/-/timsort-0.3.0.tgz"
  "version" "0.3.0"

"uuid@^2.0.1", "uuid@^3.4.0 || ^7.0.0 || ^8.0.0", "uuid@^7.0.0 || ^8.0.0":
  "integrity" "sha1-Z+LoY3lyFVMN/zGOW/nc6/1Hsho="
  "resolved" "https://registry.npmjs.org/uuid/-/uuid-2.0.3.tgz"
  "version" "2.0.3"

"vis-data@^7.0.0", "vis-data@^7.1.2":
  "integrity" "sha512-RPSegFxEcnp3HUEJSzhS2vBdbJ2PSsrYYuhRlpHp2frO/MfRtTYbIkkLZmPkA/Sg3pPfBlR235gcoKbtdm4mbw=="
  "resolved" "https://registry.npmjs.org/vis-data/-/vis-data-7.1.2.tgz"
  "version" "7.1.2"

"vis-network@^9.0.0":
  "integrity" "sha512-F/pq8yBJUuB9lNKXHhtn4GP2h91FV0c2O2nvfU34RX4VCYOlqs+mINdz+J+QkWiYhiPdlVy15gzVEzkhJ9hpaw=="
  "resolved" "https://registry.npmjs.org/vis-network/-/vis-network-9.0.4.tgz"
  "version" "9.0.4"

"vis-util@^4.0.0 || ^5.0.0", "vis-util@^5.0.1":
  "integrity" "sha512-oPDmPc4o0uQLoKpKai2XD1DjrhYsA7MRz75Wx9KmfX84e9LLgsbno7jVL5tR0K9eNVQkD6jf0Ei8NtbBHDkF1A=="
  "resolved" "https://registry.npmjs.org/vis-util/-/vis-util-5.0.2.tgz"
  "version" "5.0.2"
